// !$*UTF8*$!
{
	archiveVersion = 1;
	classes = {
	};
	objectVersion = 50;
	objects = {

/* Begin PBXBuildFile section */
		DFDE157D2537134F00FCEB6F /* AppDelegate.swift in Sources */ = {isa = PBXBuildFile; fileRef = DFDE157C2537134F00FCEB6F /* AppDelegate.swift */; };
		DFDE157F2537134F00FCEB6F /* ContentView.swift in Sources */ = {isa = PBXBuildFile; fileRef = DFDE157E2537134F00FCEB6F /* ContentView.swift */; };
		DFDE15822537134F00FCEB6F /* SwiftMathEX.xcdatamodeld in Sources */ = {isa = PBXBuildFile; fileRef = DFDE15802537134F00FCEB6F /* SwiftMathEX.xcdatamodeld */; };
		DFDE15842537135000FCEB6F /* Assets.xcassets in Resources */ = {isa = PBXBuildFile; fileRef = DFDE15832537135000FCEB6F /* Assets.xcassets */; };
		DFDE15872537135000FCEB6F /* Preview Assets.xcassets in Resources */ = {isa = PBXBuildFile; fileRef = DFDE15862537135000FCEB6F /* Preview Assets.xcassets */; };
		DFDE158A2537135000FCEB6F /* Main.storyboard in Resources */ = {isa = PBXBuildFile; fileRef = DFDE15882537135000FCEB6F /* Main.storyboard */; };
/* End PBXBuildFile section */

/* Begin PBXFileReference section */
		DFDE15792537134F00FCEB6F /* SwiftMathEX.app */ = {isa = PBXFileReference; explicitFileType = wrapper.application; includeInIndex = 0; path = SwiftMathEX.app; sourceTree = BUILT_PRODUCTS_DIR; };
		DFDE157C2537134F00FCEB6F /* AppDelegate.swift */ = {isa = PBXFileReference; lastKnownFileType = sourcecode.swift; path = AppDelegate.swift; sourceTree = "<group>"; };
		DFDE157E2537134F00FCEB6F /* ContentView.swift */ = {isa = PBXFileReference; lastKnownFileType = sourcecode.swift; path = ContentView.swift; sourceTree = "<group>"; };
		DFDE15812537134F00FCEB6F /* SwiftMathEX.xcdatamodel */ = {isa = PBXFileReference; lastKnownFileType = wrapper.xcdatamodel; path = SwiftMathEX.xcdatamodel; sourceTree = "<group>"; };
		DFDE15832537135000FCEB6F /* Assets.xcassets */ = {isa = PBXFileReference; lastKnownFileType = folder.assetcatalog; path = Assets.xcassets; sourceTree = "<group>"; };
		DFDE15862537135000FCEB6F /* Preview Assets.xcassets */ = {isa = PBXFileReference; lastKnownFileType = folder.assetcatalog; path = "Preview Assets.xcassets"; sourceTree = "<group>"; };
		DFDE15892537135000FCEB6F /* Base */ = {isa = PBXFileReference; lastKnownFileType = file.storyboard; name = Base; path = Base.lproj/Main.storyboard; sourceTree = "<group>"; };
		DFDE158B2537135000FCEB6F /* Info.plist */ = {isa = PBXFileReference; lastKnownFileType = text.plist.xml; path = Info.plist; sourceTree = "<group>"; };
		DFDE158C2537135000FCEB6F /* SwiftMathEX.entitlements */ = {isa = PBXFileReference; lastKnownFileType = text.plist.entitlements; path = SwiftMathEX.entitlements; sourceTree = "<group>"; };
/* End PBXFileReference section */

/* Begin PBXFrameworksBuildPhase section */
		DFDE15762537134F00FCEB6F /* Frameworks */ = {
			isa = PBXFrameworksBuildPhase;
			buildActionMask = 2147483647;
			files = (
			);
			runOnlyForDeploymentPostprocessing = 0;
		};
/* End PBXFrameworksBuildPhase section */

/* Begin PBXGroup section */
		DFDE15702537134F00FCEB6F = {
			isa = PBXGroup;
			children = (
				DFDE157B2537134F00FCEB6F /* SwiftMathEX */,
				DFDE157A2537134F00FCEB6F /* Products */,
			);
			sourceTree = "<group>";
		};
		DFDE157A2537134F00FCEB6F /* Products */ = {
			isa = PBXGroup;
			children = (
				DFDE15792537134F00FCEB6F /* SwiftMathEX.app */,
			);
			name = Products;
			sourceTree = "<group>";
		};
		DFDE157B2537134F00FCEB6F /* SwiftMathEX */ = {
			isa = PBXGroup;
			children = (
				DFDE157C2537134F00FCEB6F /* AppDelegate.swift */,
				DFDE157E2537134F00FCEB6F /* ContentView.swift */,
				DFDE15832537135000FCEB6F /* Assets.xcassets */,
				DFDE15882537135000FCEB6F /* Main.storyboard */,
				DFDE158B2537135000FCEB6F /* Info.plist */,
				DFDE158C2537135000FCEB6F /* SwiftMathEX.entitlements */,
				DFDE15802537134F00FCEB6F /* SwiftMathEX.xcdatamodeld */,
				DFDE15852537135000FCEB6F /* Preview Content */,
			);
			path = SwiftMathEX;
			sourceTree = "<group>";
		};
		DFDE15852537135000FCEB6F /* Preview Content */ = {
			isa = PBXGroup;
			children = (
				DFDE15862537135000FCEB6F /* Preview Assets.xcassets */,
			);
			path = "Preview Content";
			sourceTree = "<group>";
		};
/* End PBXGroup section */

/* Begin PBXNativeTarget section */
		DFDE15782537134F00FCEB6F /* SwiftMathEX */ = {
			isa = PBXNativeTarget;
			buildConfigurationList = DFDE158F2537135000FCEB6F /* Build configuration list for PBXNativeTarget "SwiftMathEX" */;
			buildPhases = (
				DFDE15752537134F00FCEB6F /* Sources */,
				DFDE15762537134F00FCEB6F /* Frameworks */,
				DFDE15772537134F00FCEB6F /* Resources */,
			);
			buildRules = (
			);
			dependencies = (
			);
			name = SwiftMathEX;
			productName = SwiftMathEX;
			productReference = DFDE15792537134F00FCEB6F /* SwiftMathEX.app */;
			productType = "com.apple.product-type.application";
		};
/* End PBXNativeTarget section */

/* Begin PBXProject section */
		DFDE15712537134F00FCEB6F /* Project object */ = {
			isa = PBXProject;
			attributes = {
				LastSwiftUpdateCheck = 1140;
				LastUpgradeCheck = 1140;
				ORGANIZATIONNAME = "HauTen Lee";
				TargetAttributes = {
					DFDE15782537134F00FCEB6F = {
						CreatedOnToolsVersion = 11.4;
					};
				};
			};
			buildConfigurationList = DFDE15742537134F00FCEB6F /* Build configuration list for PBXProject "SwiftMathEX" */;
			compatibilityVersion = "Xcode 9.3";
			developmentRegion = en;
			hasScannedForEncodings = 0;
			knownRegions = (
				en,
				Base,
			);
			mainGroup = DFDE15702537134F00FCEB6F;
			productRefGroup = DFDE157A2537134F00FCEB6F /* Products */;
			projectDirPath = "";
			projectRoot = "";
			targets = (
				DFDE15782537134F00FCEB6F /* SwiftMathEX */,
			);
		};
/* End PBXProject section */

/* Begin PBXResourcesBuildPhase section */
		DFDE15772537134F00FCEB6F /* Resources */ = {
			isa = PBXResourcesBuildPhase;
			buildActionMask = 2147483647;
			files = (
				DFDE158A2537135000FCEB6F /* Main.storyboard in Resources */,
				DFDE15872537135000FCEB6F /* Preview Assets.xcassets in Resources */,
				DFDE15842537135000FCEB6F /* Assets.xcassets in Resources */,
			);
			runOnlyForDeploymentPostprocessing = 0;
		};
/* End PBXResourcesBuildPhase section */

/* Begin PBXSourcesBuildPhase section */
		DFDE15752537134F00FCEB6F /* Sources */ = {
			isa = PBXSourcesBuildPhase;
			buildActionMask = 2147483647;
			files = (
				DFDE157F2537134F00FCEB6F /* ContentView.swift in Sources */,
				DFDE157D2537134F00FCEB6F /* AppDelegate.swift in Sources */,
				DFDE15822537134F00FCEB6F /* SwiftMathEX.xcdatamodeld in Sources */,
			);
			runOnlyForDeploymentPostprocessing = 0;
		};
/* End PBXSourcesBuildPhase section */

/* Begin PBXVariantGroup section */
		DFDE15882537135000FCEB6F /* Main.storyboard */ = {
			isa = PBXVariantGroup;
			children = (
				DFDE15892537135000FCEB6F /* Base */,
			);
			name = Main.storyboard;
			sourceTree = "<group>";
		};
/* End PBXVariantGroup section */

/* Begin XCBuildConfiguration section */
		DFDE158D2537135000FCEB6F /* Debug */ = {
			isa = XCBuildConfiguration;
			buildSettings = {
				ALWAYS_SEARCH_USER_PATHS = NO;
				CLANG_ANALYZER_NONNULL = YES;
				CLANG_ANALYZER_NUMBER_OBJECT_CONVERSION = YES_AGGRESSIVE;
				CLANG_CXX_LANGUAGE_STANDARD = "gnu++14";
				CLANG_CXX_LIBRARY = "libc++";
				CLANG_ENABLE_MODULES = YES;
				CLANG_ENABLE_OBJC_ARC = YES;
				CLANG_ENABLE_OBJC_WEAK = YES;
				CLANG_WARN_BLOCK_CAPTURE_AUTORELEASING = YES;
				CLANG_WARN_BOOL_CONVERSION = YES;
				CLANG_WARN_COMMA = YES;
				CLANG_WARN_CONSTANT_CONVERSION = YES;
				CLANG_WARN_DEPRECATED_OBJC_IMPLEMENTATIONS = YES;
				CLANG_WARN_DIRECT_OBJC_ISA_USAGE = YES_ERROR;
				CLANG_WARN_DOCUMENTATION_COMMENTS = YES;
				CLANG_WARN_EMPTY_BODY = YES;
				CLANG_WARN_ENUM_CONVERSION = YES;
				CLANG_WARN_INFINITE_RECURSION = YES;
				CLANG_WARN_INT_CONVERSION = YES;
				CLANG_WARN_NON_LITERAL_NULL_CONVERSION = YES;
				CLANG_WARN_OBJC_IMPLICIT_RETAIN_SELF = YES;
				CLANG_WARN_OBJC_LITERAL_CONVERSION = YES;
				CLANG_WARN_OBJC_ROOT_CLASS = YES_ERROR;
				CLANG_WARN_RANGE_LOOP_ANALYSIS = YES;
				CLANG_WARN_STRICT_PROTOTYPES = YES;
				CLANG_WARN_SUSPICIOUS_MOVE = YES;
				CLANG_WARN_UNGUARDED_AVAILABILITY = YES_AGGRESSIVE;
				CLANG_WARN_UNREACHABLE_CODE = YES;
				CLANG_WARN__DUPLICATE_METHOD_MATCH = YES;
				COPY_PHASE_STRIP = NO;
				DEBUG_INFORMATION_FORMAT = dwarf;
				ENABLE_STRICT_OBJC_MSGSEND = YES;
				ENABLE_TESTABILITY = YES;
				GCC_C_LANGUAGE_STANDARD = gnu11;
				GCC_DYNAMIC_NO_PIC = NO;
				GCC_NO_COMMON_BLOCKS = YES;
				GCC_OPTIMIZATION_LEVEL = 0;
				GCC_PREPROCESSOR_DEFINITIONS = (
					"DEBUG=1",
					"$(inherited)",
				);
				GCC_WARN_64_TO_32_BIT_CONVERSION = YES;
				GCC_WARN_ABOUT_RETURN_TYPE = YES_ERROR;
				GCC_WARN_UNDECLARED_SELECTOR = YES;
				GCC_WARN_UNINITIALIZED_AUTOS = YES_AGGRESSIVE;
				GCC_WARN_UNUSED_FUNCTION = YES;
				GCC_WARN_UNUSED_VARIABLE = YES;
				MACOSX_DEPLOYMENT_TARGET = 10.15;
				MTL_ENABLE_DEBUG_INFO = INCLUDE_SOURCE;
				MTL_FAST_MATH = YES;
				ONLY_ACTIVE_ARCH = YES;
				SDKROOT = macosx;
				SWIFT_ACTIVE_COMPILATION_CONDITIONS = DEBUG;
				SWIFT_OPTIMIZATION_LEVEL = "-Onone";
			};
			name = Debug;
		};
		DFDE158E2537135000FCEB6F /* Release */ = {
			isa = XCBuildConfiguration;
			buildSettings = {
				ALWAYS_SEARCH_USER_PATHS = NO;
				CLANG_ANALYZER_NONNULL = YES;
				CLANG_ANALYZER_NUMBER_OBJECT_CONVERSION = YES_AGGRESSIVE;
				CLANG_CXX_LANGUAGE_STANDARD = "gnu++14";
				CLANG_CXX_LIBRARY = "libc++";
				CLANG_ENABLE_MODULES = YES;
				CLANG_ENABLE_OBJC_ARC = YES;
				CLANG_ENABLE_OBJC_WEAK = YES;
				CLANG_WARN_BLOCK_CAPTURE_AUTORELEASING = YES;
				CLANG_WARN_BOOL_CONVERSION = YES;
				CLANG_WARN_COMMA = YES;
				CLANG_WARN_CONSTANT_CONVERSION = YES;
				CLANG_WARN_DEPRECATED_OBJC_IMPLEMENTATIONS = YES;
				CLANG_WARN_DIRECT_OBJC_ISA_USAGE = YES_ERROR;
				CLANG_WARN_DOCUMENTATION_COMMENTS = YES;
				CLANG_WARN_EMPTY_BODY = YES;
				CLANG_WARN_ENUM_CONVERSION = YES;
				CLANG_WARN_INFINITE_RECURSION = YES;
				CLANG_WARN_INT_CONVERSION = YES;
				CLANG_WARN_NON_LITERAL_NULL_CONVERSION = YES;
				CLANG_WARN_OBJC_IMPLICIT_RETAIN_SELF = YES;
				CLANG_WARN_OBJC_LITERAL_CONVERSION = YES;
				CLANG_WARN_OBJC_ROOT_CLASS = YES_ERROR;
				CLANG_WARN_RANGE_LOOP_ANALYSIS = YES;
				CLANG_WARN_STRICT_PROTOTYPES = YES;
				CLANG_WARN_SUSPICIOUS_MOVE = YES;
				CLANG_WARN_UNGUARDED_AVAILABILITY = YES_AGGRESSIVE;
				CLANG_WARN_UNREACHABLE_CODE = YES;
				CLANG_WARN__DUPLICATE_METHOD_MATCH = YES;
				COPY_PHASE_STRIP = NO;
				DEBUG_INFORMATION_FORMAT = "dwarf-with-dsym";
				ENABLE_NS_ASSERTIONS = NO;
				ENABLE_STRICT_OBJC_MSGSEND = YES;
				GCC_C_LANGUAGE_STANDARD = gnu11;
				GCC_NO_COMMON_BLOCKS = YES;
				GCC_WARN_64_TO_32_BIT_CONVERSION = YES;
				GCC_WARN_ABOUT_RETURN_TYPE = YES_ERROR;
				GCC_WARN_UNDECLARED_SELECTOR = YES;
				GCC_WARN_UNINITIALIZED_AUTOS = YES_AGGRESSIVE;
				GCC_WARN_UNUSED_FUNCTION = YES;
				GCC_WARN_UNUSED_VARIABLE = YES;
				MACOSX_DEPLOYMENT_TARGET = 10.15;
				MTL_ENABLE_DEBUG_INFO = NO;
				MTL_FAST_MATH = YES;
				SDKROOT = macosx;
				SWIFT_COMPILATION_MODE = wholemodule;
				SWIFT_OPTIMIZATION_LEVEL = "-O";
			};
			name = Release;
		};
		DFDE15902537135000FCEB6F /* Debug */ = {
			isa = XCBuildConfiguration;
			buildSettings = {
				ASSETCATALOG_COMPILER_APPICON_NAME = AppIcon;
				CODE_SIGN_ENTITLEMENTS = SwiftMathEX/SwiftMathEX.entitlements;
				CODE_SIGN_STYLE = Automatic;
				COMBINE_HIDPI_IMAGES = YES;
				DEVELOPMENT_ASSET_PATHS = "\"SwiftMathEX/Preview Content\"";
				DEVELOPMENT_TEAM = 22DBHVKHQ7;
				ENABLE_HARDENED_RUNTIME = YES;
				ENABLE_PREVIEWS = YES;
				INFOPLIST_FILE = SwiftMathEX/Info.plist;
				LD_RUNPATH_SEARCH_PATHS = (
					"$(inherited)",
					"@executable_path/../Frameworks",
				);
				MACOSX_DEPLOYMENT_TARGET = 10.15;
				PRODUCT_BUNDLE_IDENTIFIER = net.htlee.SwiftMathEX;
				PRODUCT_NAME = "$(TARGET_NAME)";
				SWIFT_VERSION = 5.0;
			};
			name = Debug;
		};
		DFDE15912537135000FCEB6F /* Release */ = {
			isa = XCBuildConfiguration;
			buildSettings = {
				ASSETCATALOG_COMPILER_APPICON_NAME = AppIcon;
				CODE_SIGN_ENTITLEMENTS = SwiftMathEX/SwiftMathEX.entitlements;
				CODE_SIGN_STYLE = Automatic;
				COMBINE_HIDPI_IMAGES = YES;
				DEVELOPMENT_ASSET_PATHS = "\"SwiftMathEX/Preview Content\"";
				DEVELOPMENT_TEAM = 22DBHVKHQ7;
				ENABLE_HARDENED_RUNTIME = YES;
				ENABLE_PREVIEWS = YES;
				INFOPLIST_FILE = SwiftMathEX/Info.plist;
				LD_RUNPATH_SEARCH_PATHS = (
					"$(inherited)",
					"@executable_path/../Frameworks",
				);
				MACOSX_DEPLOYMENT_TARGET = 10.15;
				PRODUCT_BUNDLE_IDENTIFIER = net.htlee.SwiftMathEX;
				PRODUCT_NAME = "$(TARGET_NAME)";
				SWIFT_VERSION = 5.0;
			};
			name = Release;
		};
/* End XCBuildConfiguration section */

/* Begin XCConfigurationList section */
		DFDE15742537134F00FCEB6F /* Build configuration list for PBXProject "SwiftMathEX" */ = {
			isa = XCConfigurationList;
			buildConfigurations = (
				DFDE158D2537135000FCEB6F /* Debug */,
				DFDE158E2537135000FCEB6F /* Release */,
			);
			defaultConfigurationIsVisible = 0;
			defaultConfigurationName = Release;
		};
		DFDE158F2537135000FCEB6F /* Build configuration list for PBXNativeTarget "SwiftMathEX" */ = {
			isa = XCConfigurationList;
			buildConfigurations = (
				DFDE15902537135000FCEB6F /* Debug */,
				DFDE15912537135000FCEB6F /* Release */,
			);
			defaultConfigurationIsVisible = 0;
			defaultConfigurationName = Release;
		};
/* End XCConfigurationList section */

/* Begin XCVersionGroup section */
		DFDE15802537134F00FCEB6F /* SwiftMathEX.xcdatamodeld */ = {
			isa = XCVersionGroup;
			children = (
				DFDE15812537134F00FCEB6F /* SwiftMathEX.xcdatamodel */,
			);
			currentVersion = DFDE15812537134F00FCEB6F /* SwiftMathEX.xcdatamodel */;
			path = SwiftMathEX.xcdatamodeld;
			sourceTree = "<group>";
			versionGroupType = wrapper.xcdatamodel;
		};
/* End XCVersionGroup section */
	};
	rootObject = DFDE15712537134F00FCEB6F /* Project object */;
}
